
Microsoft Visual Studio Solution File, Format Version 12.00
Project("{FAE04EC0-301F-11D3-BF4B-00C04F79EFBC}") = "Parduotuve_2", "Parduotuve_2\Parduotuve_2.csproj", "{4599392A-E3B1-4905-B454-4D9926E71A7B}"
EndProject
Global
	GlobalSection(SolutionConfigurationPlatforms) = preSolution
		Debug|Any CPU = Debug|Any CPU
		Release|Any CPU = Release|Any CPU
	EndGlobalSection
	GlobalSection(ProjectConfigurationPlatforms) = postSolution
		{4599392A-E3B1-4905-B454-4D9926E71A7B}.Debug|Any CPU.ActiveCfg = Debug|Any CPU
		{4599392A-E3B1-4905-B454-4D9926E71A7B}.Debug|Any CPU.Build.0 = Debug|Any CPU
		{4599392A-E3B1-4905-B454-4D9926E71A7B}.Release|Any CPU.ActiveCfg = Release|Any CPU
		{4599392A-E3B1-4905-B454-4D9926E71A7B}.Release|Any CPU.Build.0 = Release|Any CPU
	EndGlobalSection
EndGlobal
